
Microsoft Visual Studio Solution File, Format Version 12.00
# Visual Studio Version 16
VisualStudioVersion = 16.0.29728.190
MinimumVisualStudioVersion = 10.0.40219.1
Project("{FAE04EC0-301F-11D3-BF4B-00C04F79EFBC}") = "GoogleObjectAnnotationTests", "GoogleObjectAnnotationTests\GoogleObjectAnnotationTests.csproj", "{D88640C4-875E-4F24-B60F-99DEA5D0D779}"
EndProject
Global
	GlobalSection(SolutionConfigurationPlatforms) = preSolution
		Debug|Any CPU = Debug|Any CPU
		Release|Any CPU = Release|Any CPU
	EndGlobalSection
	GlobalSection(ProjectConfigurationPlatforms) = postSolution
		{D88640C4-875E-4F24-B60F-99DEA5D0D779}.Debug|Any CPU.ActiveCfg = Debug|Any CPU
		{D88640C4-875E-4F24-B60F-99DEA5D0D779}.Debug|Any CPU.Build.0 = Debug|Any CPU
		{D88640C4-875E-4F24-B60F-99DEA5D0D779}.Release|Any CPU.ActiveCfg = Release|Any CPU
		{D88640C4-875E-4F24-B60F-99DEA5D0D779}.Release|Any CPU.Build.0 = Release|Any CPU
	EndGlobalSection
	GlobalSection(SolutionProperties) = preSolution
		HideSolutionNode = FALSE
	EndGlobalSection
	GlobalSection(ExtensibilityGlobals) = postSolution
		SolutionGuid = {AE646F7D-2660-4956-8393-045037CBB7BF}
	EndGlobalSection
EndGlobal
